// !$*UTF8*$!
{
	archiveVersion = 1;
	classes = {
	};
	objectVersion = 46;
	objects = {

/* Begin PBXBuildFile section */
		9C6A230C2071288B00C3DD74 /* DeviceSize.swift in Sources */ = {isa = PBXBuildFile; fileRef = 9C6A230B2071288B00C3DD74 /* DeviceSize.swift */; };
		9C7888611E48E4A500ED2C54 /* AppDelegate.swift in Sources */ = {isa = PBXBuildFile; fileRef = 9C7888601E48E4A500ED2C54 /* AppDelegate.swift */; };
		9C7888681E48E4A500ED2C54 /* Assets.xcassets in Resources */ = {isa = PBXBuildFile; fileRef = 9C7888671E48E4A500ED2C54 /* Assets.xcassets */; };
		9C78886B1E48E4A500ED2C54 /* LaunchScreen.storyboard in Resources */ = {isa = PBXBuildFile; fileRef = 9C7888691E48E4A500ED2C54 /* LaunchScreen.storyboard */; };
		9C7888751E48E52900ED2C54 /* Page.swift in Sources */ = {isa = PBXBuildFile; fileRef = 9C7888741E48E52900ED2C54 /* Page.swift */; };
		9C7888791E48E54C00ED2C54 /* PageCell.swift in Sources */ = {isa = PBXBuildFile; fileRef = 9C7888781E48E54C00ED2C54 /* PageCell.swift */; };
		9C78887B1E48E56A00ED2C54 /* LoginCell.swift in Sources */ = {isa = PBXBuildFile; fileRef = 9C78887A1E48E56A00ED2C54 /* LoginCell.swift */; };
		9C78887D1E48E58500ED2C54 /* LoginCell+TextField.swift in Sources */ = {isa = PBXBuildFile; fileRef = 9C78887C1E48E58500ED2C54 /* LoginCell+TextField.swift */; };
		9C7888801E48E5A900ED2C54 /* MainNavigationController.swift in Sources */ = {isa = PBXBuildFile; fileRef = 9C78887F1E48E5A900ED2C54 /* MainNavigationController.swift */; };
		9C7888821E48E5BE00ED2C54 /* LoginController.swift in Sources */ = {isa = PBXBuildFile; fileRef = 9C7888811E48E5BE00ED2C54 /* LoginController.swift */; };
		9C7888841E48E5D600ED2C54 /* LoginController+Helper.swift in Sources */ = {isa = PBXBuildFile; fileRef = 9C7888831E48E5D600ED2C54 /* LoginController+Helper.swift */; };
		9C7888861E48E5F200ED2C54 /* HomeController.swift in Sources */ = {isa = PBXBuildFile; fileRef = 9C7888851E48E5F200ED2C54 /* HomeController.swift */; };
		9C7888891E48E62300ED2C54 /* Extensions.swift in Sources */ = {isa = PBXBuildFile; fileRef = 9C7888881E48E62300ED2C54 /* Extensions.swift */; };
		9C78888B1E48E63800ED2C54 /* Dao.swift in Sources */ = {isa = PBXBuildFile; fileRef = 9C78888A1E48E63800ED2C54 /* Dao.swift */; };
		9C78888D1E48E66A00ED2C54 /* UserDefaults+Helpers.swift in Sources */ = {isa = PBXBuildFile; fileRef = 9C78888C1E48E66A00ED2C54 /* UserDefaults+Helpers.swift */; };
		9C78888F1E48E68A00ED2C54 /* Main.storyboard in Resources */ = {isa = PBXBuildFile; fileRef = 9C78888E1E48E68A00ED2C54 /* Main.storyboard */; };
		9CAA54782070685700C3C539 /* UIView+Constraints.swift in Sources */ = {isa = PBXBuildFile; fileRef = 9CAA54772070685700C3C539 /* UIView+Constraints.swift */; };
/* End PBXBuildFile section */

/* Begin PBXFileReference section */
		9C6A230B2071288B00C3DD74 /* DeviceSize.swift */ = {isa = PBXFileReference; lastKnownFileType = sourcecode.swift; path = DeviceSize.swift; sourceTree = "<group>"; };
		9C78885D1E48E4A500ED2C54 /* Onboarding.app */ = {isa = PBXFileReference; explicitFileType = wrapper.application; includeInIndex = 0; path = Onboarding.app; sourceTree = BUILT_PRODUCTS_DIR; };
		9C7888601E48E4A500ED2C54 /* AppDelegate.swift */ = {isa = PBXFileReference; lastKnownFileType = sourcecode.swift; path = AppDelegate.swift; sourceTree = "<group>"; };
		9C7888671E48E4A500ED2C54 /* Assets.xcassets */ = {isa = PBXFileReference; lastKnownFileType = folder.assetcatalog; path = Assets.xcassets; sourceTree = "<group>"; };
		9C78886A1E48E4A500ED2C54 /* Base */ = {isa = PBXFileReference; lastKnownFileType = file.storyboard; name = Base; path = Base.lproj/LaunchScreen.storyboard; sourceTree = "<group>"; };
		9C78886C1E48E4A500ED2C54 /* Info.plist */ = {isa = PBXFileReference; lastKnownFileType = text.plist.xml; path = Info.plist; sourceTree = "<group>"; };
		9C7888741E48E52900ED2C54 /* Page.swift */ = {isa = PBXFileReference; fileEncoding = 4; lastKnownFileType = sourcecode.swift; path = Page.swift; sourceTree = "<group>"; };
		9C7888781E48E54C00ED2C54 /* PageCell.swift */ = {isa = PBXFileReference; fileEncoding = 4; lastKnownFileType = sourcecode.swift; path = PageCell.swift; sourceTree = "<group>"; };
		9C78887A1E48E56A00ED2C54 /* LoginCell.swift */ = {isa = PBXFileReference; fileEncoding = 4; lastKnownFileType = sourcecode.swift; path = LoginCell.swift; sourceTree = "<group>"; };
		9C78887C1E48E58500ED2C54 /* LoginCell+TextField.swift */ = {isa = PBXFileReference; fileEncoding = 4; lastKnownFileType = sourcecode.swift; path = "LoginCell+TextField.swift"; sourceTree = "<group>"; };
		9C78887F1E48E5A900ED2C54 /* MainNavigationController.swift */ = {isa = PBXFileReference; fileEncoding = 4; lastKnownFileType = sourcecode.swift; path = MainNavigationController.swift; sourceTree = "<group>"; };
		9C7888811E48E5BE00ED2C54 /* LoginController.swift */ = {isa = PBXFileReference; fileEncoding = 4; lastKnownFileType = sourcecode.swift; path = LoginController.swift; sourceTree = "<group>"; };
		9C7888831E48E5D600ED2C54 /* LoginController+Helper.swift */ = {isa = PBXFileReference; fileEncoding = 4; lastKnownFileType = sourcecode.swift; path = "LoginController+Helper.swift"; sourceTree = "<group>"; };
		9C7888851E48E5F200ED2C54 /* HomeController.swift */ = {isa = PBXFileReference; fileEncoding = 4; lastKnownFileType = sourcecode.swift; path = HomeController.swift; sourceTree = "<group>"; };
		9C7888881E48E62300ED2C54 /* Extensions.swift */ = {isa = PBXFileReference; fileEncoding = 4; lastKnownFileType = sourcecode.swift; path = Extensions.swift; sourceTree = "<group>"; };
		9C78888A1E48E63800ED2C54 /* Dao.swift */ = {isa = PBXFileReference; fileEncoding = 4; lastKnownFileType = sourcecode.swift; path = Dao.swift; sourceTree = "<group>"; };
		9C78888C1E48E66A00ED2C54 /* UserDefaults+Helpers.swift */ = {isa = PBXFileReference; fileEncoding = 4; lastKnownFileType = sourcecode.swift; path = "UserDefaults+Helpers.swift"; sourceTree = "<group>"; };
		9C78888E1E48E68A00ED2C54 /* Main.storyboard */ = {isa = PBXFileReference; fileEncoding = 4; lastKnownFileType = file.storyboard; path = Main.storyboard; sourceTree = "<group>"; };
		9CAA54772070685700C3C539 /* UIView+Constraints.swift */ = {isa = PBXFileReference; lastKnownFileType = sourcecode.swift; path = "UIView+Constraints.swift"; sourceTree = "<group>"; };
/* End PBXFileReference section */

/* Begin PBXFrameworksBuildPhase section */
		9C78885A1E48E4A500ED2C54 /* Frameworks */ = {
			isa = PBXFrameworksBuildPhase;
			buildActionMask = 2147483647;
			files = (
			);
			runOnlyForDeploymentPostprocessing = 0;
		};
/* End PBXFrameworksBuildPhase section */

/* Begin PBXGroup section */
		9C7888541E48E4A500ED2C54 = {
			isa = PBXGroup;
			children = (
				9C78885F1E48E4A500ED2C54 /* Onboarding */,
				9C78885E1E48E4A500ED2C54 /* Products */,
			);
			sourceTree = "<group>";
		};
		9C78885E1E48E4A500ED2C54 /* Products */ = {
			isa = PBXGroup;
			children = (
				9C78885D1E48E4A500ED2C54 /* Onboarding.app */,
			);
			name = Products;
			sourceTree = "<group>";
		};
		9C78885F1E48E4A500ED2C54 /* Onboarding */ = {
			isa = PBXGroup;
			children = (
				9C7888601E48E4A500ED2C54 /* AppDelegate.swift */,
				9C7888731E48E52000ED2C54 /* Model */,
				9C7888771E48E54100ED2C54 /* View */,
				9C78887E1E48E59800ED2C54 /* Controller */,
				9C7888871E48E60800ED2C54 /* Helpers */,
				9C7888721E48E50F00ED2C54 /* Supporting Files */,
			);
			path = Onboarding;
			sourceTree = "<group>";
		};
		9C7888721E48E50F00ED2C54 /* Supporting Files */ = {
			isa = PBXGroup;
			children = (
				9C7888671E48E4A500ED2C54 /* Assets.xcassets */,
				9C7888691E48E4A500ED2C54 /* LaunchScreen.storyboard */,
				9C78886C1E48E4A500ED2C54 /* Info.plist */,
				9C78888E1E48E68A00ED2C54 /* Main.storyboard */,
			);
			name = "Supporting Files";
			sourceTree = "<group>";
		};
		9C7888731E48E52000ED2C54 /* Model */ = {
			isa = PBXGroup;
			children = (
				9C7888741E48E52900ED2C54 /* Page.swift */,
			);
			name = Model;
			sourceTree = "<group>";
		};
		9C7888771E48E54100ED2C54 /* View */ = {
			isa = PBXGroup;
			children = (
				9C7888781E48E54C00ED2C54 /* PageCell.swift */,
				9C78887A1E48E56A00ED2C54 /* LoginCell.swift */,
				9C78887C1E48E58500ED2C54 /* LoginCell+TextField.swift */,
			);
			name = View;
			sourceTree = "<group>";
		};
		9C78887E1E48E59800ED2C54 /* Controller */ = {
			isa = PBXGroup;
			children = (
				9C78887F1E48E5A900ED2C54 /* MainNavigationController.swift */,
				9C7888811E48E5BE00ED2C54 /* LoginController.swift */,
				9C7888831E48E5D600ED2C54 /* LoginController+Helper.swift */,
				9C7888851E48E5F200ED2C54 /* HomeController.swift */,
			);
			name = Controller;
			sourceTree = "<group>";
		};
		9C7888871E48E60800ED2C54 /* Helpers */ = {
			isa = PBXGroup;
			children = (
				9C6A230B2071288B00C3DD74 /* DeviceSize.swift */,
				9C7888881E48E62300ED2C54 /* Extensions.swift */,
				9C78888A1E48E63800ED2C54 /* Dao.swift */,
				9C78888C1E48E66A00ED2C54 /* UserDefaults+Helpers.swift */,
				9CAA54772070685700C3C539 /* UIView+Constraints.swift */,
			);
			name = Helpers;
			sourceTree = "<group>";
		};
/* End PBXGroup section */

/* Begin PBXNativeTarget section */
		9C78885C1E48E4A500ED2C54 /* Onboarding */ = {
			isa = PBXNativeTarget;
			buildConfigurationList = 9C78886F1E48E4A500ED2C54 /* Build configuration list for PBXNativeTarget "Onboarding" */;
			buildPhases = (
				9C7888591E48E4A500ED2C54 /* Sources */,
				9C78885A1E48E4A500ED2C54 /* Frameworks */,
				9C78885B1E48E4A500ED2C54 /* Resources */,
			);
			buildRules = (
			);
			dependencies = (
			);
			name = Onboarding;
			productName = Onboarding;
			productReference = 9C78885D1E48E4A500ED2C54 /* Onboarding.app */;
			productType = "com.apple.product-type.application";
		};
/* End PBXNativeTarget section */

/* Begin PBXProject section */
		9C7888551E48E4A500ED2C54 /* Project object */ = {
			isa = PBXProject;
			attributes = {
				LastSwiftUpdateCheck = 0820;
				LastUpgradeCheck = 0930;
				ORGANIZATIONNAME = DevMountain;
				TargetAttributes = {
					9C78885C1E48E4A500ED2C54 = {
						CreatedOnToolsVersion = 8.2.1;
						DevelopmentTeam = Y9CEQN88G2;
						LastSwiftMigration = 0900;
						ProvisioningStyle = Automatic;
					};
				};
			};
			buildConfigurationList = 9C7888581E48E4A500ED2C54 /* Build configuration list for PBXProject "Onboarding" */;
			compatibilityVersion = "Xcode 3.2";
			developmentRegion = English;
			hasScannedForEncodings = 0;
			knownRegions = (
				en,
				Base,
			);
			mainGroup = 9C7888541E48E4A500ED2C54;
			productRefGroup = 9C78885E1E48E4A500ED2C54 /* Products */;
			projectDirPath = "";
			projectRoot = "";
			targets = (
				9C78885C1E48E4A500ED2C54 /* Onboarding */,
			);
		};
/* End PBXProject section */

/* Begin PBXResourcesBuildPhase section */
		9C78885B1E48E4A500ED2C54 /* Resources */ = {
			isa = PBXResourcesBuildPhase;
			buildActionMask = 2147483647;
			files = (
				9C78886B1E48E4A500ED2C54 /* LaunchScreen.storyboard in Resources */,
				9C7888681E48E4A500ED2C54 /* Assets.xcassets in Resources */,
				9C78888F1E48E68A00ED2C54 /* Main.storyboard in Resources */,
			);
			runOnlyForDeploymentPostprocessing = 0;
		};
/* End PBXResourcesBuildPhase section */

/* Begin PBXSourcesBuildPhase section */
		9C7888591E48E4A500ED2C54 /* Sources */ = {
			isa = PBXSourcesBuildPhase;
			buildActionMask = 2147483647;
			files = (
				9C7888801E48E5A900ED2C54 /* MainNavigationController.swift in Sources */,
				9C7888751E48E52900ED2C54 /* Page.swift in Sources */,
				9C78888B1E48E63800ED2C54 /* Dao.swift in Sources */,
				9CAA54782070685700C3C539 /* UIView+Constraints.swift in Sources */,
				9C7888611E48E4A500ED2C54 /* AppDelegate.swift in Sources */,
				9C78887D1E48E58500ED2C54 /* LoginCell+TextField.swift in Sources */,
				9C7888791E48E54C00ED2C54 /* PageCell.swift in Sources */,
				9C78888D1E48E66A00ED2C54 /* UserDefaults+Helpers.swift in Sources */,
				9C6A230C2071288B00C3DD74 /* DeviceSize.swift in Sources */,
				9C7888891E48E62300ED2C54 /* Extensions.swift in Sources */,
				9C7888861E48E5F200ED2C54 /* HomeController.swift in Sources */,
				9C78887B1E48E56A00ED2C54 /* LoginCell.swift in Sources */,
				9C7888821E48E5BE00ED2C54 /* LoginController.swift in Sources */,
				9C7888841E48E5D600ED2C54 /* LoginController+Helper.swift in Sources */,
			);
			runOnlyForDeploymentPostprocessing = 0;
		};
/* End PBXSourcesBuildPhase section */

/* Begin PBXVariantGroup section */
		9C7888691E48E4A500ED2C54 /* LaunchScreen.storyboard */ = {
			isa = PBXVariantGroup;
			children = (
				9C78886A1E48E4A500ED2C54 /* Base */,
			);
			name = LaunchScreen.storyboard;
			sourceTree = "<group>";
		};
/* End PBXVariantGroup section */

/* Begin XCBuildConfiguration section */
		9C78886D1E48E4A500ED2C54 /* Debug */ = {
			isa = XCBuildConfiguration;
			buildSettings = {
				ALWAYS_SEARCH_USER_PATHS = NO;
				CLANG_ANALYZER_NONNULL = YES;
				CLANG_CXX_LANGUAGE_STANDARD = "gnu++0x";
				CLANG_CXX_LIBRARY = "libc++";
				CLANG_ENABLE_MODULES = YES;
				CLANG_ENABLE_OBJC_ARC = YES;
				CLANG_WARN_BLOCK_CAPTURE_AUTORELEASING = YES;
				CLANG_WARN_BOOL_CONVERSION = YES;
				CLANG_WARN_COMMA = YES;
				CLANG_WARN_CONSTANT_CONVERSION = YES;
				CLANG_WARN_DEPRECATED_OBJC_IMPLEMENTATIONS = YES;
				CLANG_WARN_DIRECT_OBJC_ISA_USAGE = YES_ERROR;
				CLANG_WARN_DOCUMENTATION_COMMENTS = YES;
				CLANG_WARN_EMPTY_BODY = YES;
				CLANG_WARN_ENUM_CONVERSION = YES;
				CLANG_WARN_INFINITE_RECURSION = YES;
				CLANG_WARN_INT_CONVERSION = YES;
				CLANG_WARN_NON_LITERAL_NULL_CONVERSION = YES;
				CLANG_WARN_OBJC_IMPLICIT_RETAIN_SELF = YES;
				CLANG_WARN_OBJC_LITERAL_CONVERSION = YES;
				CLANG_WARN_OBJC_ROOT_CLASS = YES_ERROR;
				CLANG_WARN_RANGE_LOOP_ANALYSIS = YES;
				CLANG_WARN_STRICT_PROTOTYPES = YES;
				CLANG_WARN_SUSPICIOUS_MOVE = YES;
				CLANG_WARN_UNREACHABLE_CODE = YES;
				CLANG_WARN__DUPLICATE_METHOD_MATCH = YES;
				"CODE_SIGN_IDENTITY[sdk=iphoneos*]" = "iPhone Developer";
				COPY_PHASE_STRIP = NO;
				DEBUG_INFORMATION_FORMAT = dwarf;
				ENABLE_STRICT_OBJC_MSGSEND = YES;
				ENABLE_TESTABILITY = YES;
				GCC_C_LANGUAGE_STANDARD = gnu99;
				GCC_DYNAMIC_NO_PIC = NO;
				GCC_NO_COMMON_BLOCKS = YES;
				GCC_OPTIMIZATION_LEVEL = 0;
				GCC_PREPROCESSOR_DEFINITIONS = (
					"DEBUG=1",
					"$(inherited)",
				);
				GCC_WARN_64_TO_32_BIT_CONVERSION = YES;
				GCC_WARN_ABOUT_RETURN_TYPE = YES_ERROR;
				GCC_WARN_UNDECLARED_SELECTOR = YES;
				GCC_WARN_UNINITIALIZED_AUTOS = YES_AGGRESSIVE;
				GCC_WARN_UNUSED_FUNCTION = YES;
				GCC_WARN_UNUSED_VARIABLE = YES;
				IPHONEOS_DEPLOYMENT_TARGET = 11.0;
				MTL_ENABLE_DEBUG_INFO = YES;
				ONLY_ACTIVE_ARCH = YES;
				SDKROOT = iphoneos;
				SWIFT_ACTIVE_COMPILATION_CONDITIONS = DEBUG;
				SWIFT_OPTIMIZATION_LEVEL = "-Onone";
			};
			name = Debug;
		};
		9C78886E1E48E4A500ED2C54 /* Release */ = {
			isa = XCBuildConfiguration;
			buildSettings = {
				ALWAYS_SEARCH_USER_PATHS = NO;
				CLANG_ANALYZER_NONNULL = YES;
				CLANG_CXX_LANGUAGE_STANDARD = "gnu++0x";
				CLANG_CXX_LIBRARY = "libc++";
				CLANG_ENABLE_MODULES = YES;
				CLANG_ENABLE_OBJC_ARC = YES;
				CLANG_WARN_BLOCK_CAPTURE_AUTORELEASING = YES;
				CLANG_WARN_BOOL_CONVERSION = YES;
				CLANG_WARN_COMMA = YES;
				CLANG_WARN_CONSTANT_CONVERSION = YES;
				CLANG_WARN_DEPRECATED_OBJC_IMPLEMENTATIONS = YES;
				CLANG_WARN_DIRECT_OBJC_ISA_USAGE = YES_ERROR;
				CLANG_WARN_DOCUMENTATION_COMMENTS = YES;
				CLANG_WARN_EMPTY_BODY = YES;
				CLANG_WARN_ENUM_CONVERSION = YES;
				CLANG_WARN_INFINITE_RECURSION = YES;
				CLANG_WARN_INT_CONVERSION = YES;
				CLANG_WARN_NON_LITERAL_NULL_CONVERSION = YES;
				CLANG_WARN_OBJC_IMPLICIT_RETAIN_SELF = YES;
				CLANG_WARN_OBJC_LITERAL_CONVERSION = YES;
				CLANG_WARN_OBJC_ROOT_CLASS = YES_ERROR;
				CLANG_WARN_RANGE_LOOP_ANALYSIS = YES;
				CLANG_WARN_STRICT_PROTOTYPES = YES;
				CLANG_WARN_SUSPICIOUS_MOVE = YES;
				CLANG_WARN_UNREACHABLE_CODE = YES;
				CLANG_WARN__DUPLICATE_METHOD_MATCH = YES;
				"CODE_SIGN_IDENTITY[sdk=iphoneos*]" = "iPhone Developer";
				COPY_PHASE_STRIP = NO;
				DEBUG_INFORMATION_FORMAT = "dwarf-with-dsym";
				ENABLE_NS_ASSERTIONS = NO;
				ENABLE_STRICT_OBJC_MSGSEND = YES;
				GCC_C_LANGUAGE_STANDARD = gnu99;
				GCC_NO_COMMON_BLOCKS = YES;
				GCC_WARN_64_TO_32_BIT_CONVERSION = YES;
				GCC_WARN_ABOUT_RETURN_TYPE = YES_ERROR;
				GCC_WARN_UNDECLARED_SELECTOR = YES;
				GCC_WARN_UNINITIALIZED_AUTOS = YES_AGGRESSIVE;
				GCC_WARN_UNUSED_FUNCTION = YES;
				GCC_WARN_UNUSED_VARIABLE = YES;
				IPHONEOS_DEPLOYMENT_TARGET = 11.0;
				MTL_ENABLE_DEBUG_INFO = NO;
				SDKROOT = iphoneos;
				SWIFT_OPTIMIZATION_LEVEL = "-Owholemodule";
				VALIDATE_PRODUCT = YES;
			};
			name = Release;
		};
		9C7888701E48E4A500ED2C54 /* Debug */ = {
			isa = XCBuildConfiguration;
			buildSettings = {
				ASSETCATALOG_COMPILER_APPICON_NAME = AppIcon;
				DEVELOPMENT_TEAM = Y9CEQN88G2;
				INFOPLIST_FILE = Onboarding/Info.plist;
				LD_RUNPATH_SEARCH_PATHS = "$(inherited) @executable_path/Frameworks";
				PRODUCT_BUNDLE_IDENTIFIER = com.jairoeli.Onboarding;
				PRODUCT_NAME = "$(TARGET_NAME)";
				SWIFT_SWIFT3_OBJC_INFERENCE = Default;
				SWIFT_VERSION = 4.0;
			};
			name = Debug;
		};
		9C7888711E48E4A500ED2C54 /* Release */ = {
			isa = XCBuildConfiguration;
			buildSettings = {
				ASSETCATALOG_COMPILER_APPICON_NAME = AppIcon;
				DEVELOPMENT_TEAM = Y9CEQN88G2;
				INFOPLIST_FILE = Onboarding/Info.plist;
				LD_RUNPATH_SEARCH_PATHS = "$(inherited) @executable_path/Frameworks";
				PRODUCT_BUNDLE_IDENTIFIER = com.jairoeli.Onboarding;
				PRODUCT_NAME = "$(TARGET_NAME)";
				SWIFT_SWIFT3_OBJC_INFERENCE = Default;
				SWIFT_VERSION = 4.0;
			};
			name = Release;
		};
/* End XCBuildConfiguration section */

/* Begin XCConfigurationList section */
		9C7888581E48E4A500ED2C54 /* Build configuration list for PBXProject "Onboarding" */ = {
			isa = XCConfigurationList;
			buildConfigurations = (
				9C78886D1E48E4A500ED2C54 /* Debug */,
				9C78886E1E48E4A500ED2C54 /* Release */,
			);
			defaultConfigurationIsVisible = 0;
			defaultConfigurationName = Release;
		};
		9C78886F1E48E4A500ED2C54 /* Build configuration list for PBXNativeTarget "Onboarding" */ = {
			isa = XCConfigurationList;
			buildConfigurations = (
				9C7888701E48E4A500ED2C54 /* Debug */,
				9C7888711E48E4A500ED2C54 /* Release */,
			);
			defaultConfigurationIsVisible = 0;
			defaultConfigurationName = Release;
		};
/* End XCConfigurationList section */
	};
	rootObject = 9C7888551E48E4A500ED2C54 /* Project object */;
}
